// !$*UTF8*$!
{
	archiveVersion = 1;
	classes = {
	};
	objectVersion = 50;
	objects = {

/* Begin PBXBuildFile section */
		821578F02343D4D5002ECECE /* AppDelegate.swift in Sources */ = {isa = PBXBuildFile; fileRef = 821578EF2343D4D5002ECECE /* AppDelegate.swift */; };
		821578F22343D4D5002ECECE /* SceneDelegate.swift in Sources */ = {isa = PBXBuildFile; fileRef = 821578F12343D4D5002ECECE /* SceneDelegate.swift */; };
		821578F42343D4D5002ECECE /* ViewController.swift in Sources */ = {isa = PBXBuildFile; fileRef = 821578F32343D4D5002ECECE /* ViewController.swift */; };
		821578F72343D4D5002ECECE /* Main.storyboard in Resources */ = {isa = PBXBuildFile; fileRef = 821578F52343D4D5002ECECE /* Main.storyboard */; };
		821578F92343D4E0002ECECE /* Assets.xcassets in Resources */ = {isa = PBXBuildFile; fileRef = 821578F82343D4E0002ECECE /* Assets.xcassets */; };
		821578FC2343D4E0002ECECE /* LaunchScreen.storyboard in Resources */ = {isa = PBXBuildFile; fileRef = 821578FA2343D4E0002ECECE /* LaunchScreen.storyboard */; };
		82734E8B234518DD006B4D50 /* level1.txt in Resources */ = {isa = PBXBuildFile; fileRef = 82734E89234518DD006B4D50 /* level1.txt */; };
		82734E8C234518DD006B4D50 /* level2.txt in Resources */ = {isa = PBXBuildFile; fileRef = 82734E8A234518DD006B4D50 /* level2.txt */; };
/* End PBXBuildFile section */

/* Begin PBXFileReference section */
		821578EC2343D4D5002ECECE /* project8.app */ = {isa = PBXFileReference; explicitFileType = wrapper.application; includeInIndex = 0; path = project8.app; sourceTree = BUILT_PRODUCTS_DIR; };
		821578EF2343D4D5002ECECE /* AppDelegate.swift */ = {isa = PBXFileReference; lastKnownFileType = sourcecode.swift; path = AppDelegate.swift; sourceTree = "<group>"; };
		821578F12343D4D5002ECECE /* SceneDelegate.swift */ = {isa = PBXFileReference; lastKnownFileType = sourcecode.swift; path = SceneDelegate.swift; sourceTree = "<group>"; };
		821578F32343D4D5002ECECE /* ViewController.swift */ = {isa = PBXFileReference; lastKnownFileType = sourcecode.swift; path = ViewController.swift; sourceTree = "<group>"; };
		821578F62343D4D5002ECECE /* Base */ = {isa = PBXFileReference; lastKnownFileType = file.storyboard; name = Base; path = Base.lproj/Main.storyboard; sourceTree = "<group>"; };
		821578F82343D4E0002ECECE /* Assets.xcassets */ = {isa = PBXFileReference; lastKnownFileType = folder.assetcatalog; path = Assets.xcassets; sourceTree = "<group>"; };
		821578FB2343D4E0002ECECE /* Base */ = {isa = PBXFileReference; lastKnownFileType = file.storyboard; name = Base; path = Base.lproj/LaunchScreen.storyboard; sourceTree = "<group>"; };
		821578FD2343D4E0002ECECE /* Info.plist */ = {isa = PBXFileReference; lastKnownFileType = text.plist.xml; path = Info.plist; sourceTree = "<group>"; };
		82734E89234518DD006B4D50 /* level1.txt */ = {isa = PBXFileReference; fileEncoding = 4; lastKnownFileType = text; path = level1.txt; sourceTree = "<group>"; };
		82734E8A234518DD006B4D50 /* level2.txt */ = {isa = PBXFileReference; fileEncoding = 4; lastKnownFileType = text; path = level2.txt; sourceTree = "<group>"; };
/* End PBXFileReference section */

/* Begin PBXFrameworksBuildPhase section */
		821578E92343D4D5002ECECE /* Frameworks */ = {
			isa = PBXFrameworksBuildPhase;
			buildActionMask = 2147483647;
			files = (
			);
			runOnlyForDeploymentPostprocessing = 0;
		};
/* End PBXFrameworksBuildPhase section */

/* Begin PBXGroup section */
		821578E32343D4D5002ECECE = {
			isa = PBXGroup;
			children = (
				821578EE2343D4D5002ECECE /* project8 */,
				821578ED2343D4D5002ECECE /* Products */,
			);
			sourceTree = "<group>";
		};
		821578ED2343D4D5002ECECE /* Products */ = {
			isa = PBXGroup;
			children = (
				821578EC2343D4D5002ECECE /* project8.app */,
			);
			name = Products;
			sourceTree = "<group>";
		};
		821578EE2343D4D5002ECECE /* project8 */ = {
			isa = PBXGroup;
			children = (
				821578EF2343D4D5002ECECE /* AppDelegate.swift */,
				821578F12343D4D5002ECECE /* SceneDelegate.swift */,
				821578F32343D4D5002ECECE /* ViewController.swift */,
				821578F52343D4D5002ECECE /* Main.storyboard */,
				821578F82343D4E0002ECECE /* Assets.xcassets */,
				821578FA2343D4E0002ECECE /* LaunchScreen.storyboard */,
				82734E89234518DD006B4D50 /* level1.txt */,
				82734E8A234518DD006B4D50 /* level2.txt */,
				821578FD2343D4E0002ECECE /* Info.plist */,
			);
			path = project8;
			sourceTree = "<group>";
		};
/* End PBXGroup section */

/* Begin PBXNativeTarget section */
		821578EB2343D4D5002ECECE /* project8 */ = {
			isa = PBXNativeTarget;
			buildConfigurationList = 821579002343D4E0002ECECE /* Build configuration list for PBXNativeTarget "project8" */;
			buildPhases = (
				821578E82343D4D5002ECECE /* Sources */,
				821578E92343D4D5002ECECE /* Frameworks */,
				821578EA2343D4D5002ECECE /* Resources */,
			);
			buildRules = (
			);
			dependencies = (
			);
			name = project8;
			productName = project8;
			productReference = 821578EC2343D4D5002ECECE /* project8.app */;
			productType = "com.apple.product-type.application";
		};
/* End PBXNativeTarget section */

/* Begin PBXProject section */
		821578E42343D4D5002ECECE /* Project object */ = {
			isa = PBXProject;
			attributes = {
				LastSwiftUpdateCheck = 1100;
				LastUpgradeCheck = 1100;
				ORGANIZATIONNAME = Sc0tt;
				TargetAttributes = {
					821578EB2343D4D5002ECECE = {
						CreatedOnToolsVersion = 11.0;
					};
				};
			};
			buildConfigurationList = 821578E72343D4D5002ECECE /* Build configuration list for PBXProject "project8" */;
			compatibilityVersion = "Xcode 9.3";
			developmentRegion = en;
			hasScannedForEncodings = 0;
			knownRegions = (
				en,
				Base,
			);
			mainGroup = 821578E32343D4D5002ECECE;
			productRefGroup = 821578ED2343D4D5002ECECE /* Products */;
			projectDirPath = "";
			projectRoot = "";
			targets = (
				821578EB2343D4D5002ECECE /* project8 */,
			);
		};
/* End PBXProject section */

/* Begin PBXResourcesBuildPhase section */
		821578EA2343D4D5002ECECE /* Resources */ = {
			isa = PBXResourcesBuildPhase;
			buildActionMask = 2147483647;
			files = (
				82734E8C234518DD006B4D50 /* level2.txt in Resources */,
				821578FC2343D4E0002ECECE /* LaunchScreen.storyboard in Resources */,
				82734E8B234518DD006B4D50 /* level1.txt in Resources */,
				821578F92343D4E0002ECECE /* Assets.xcassets in Resources */,
				821578F72343D4D5002ECECE /* Main.storyboard in Resources */,
			);
			runOnlyForDeploymentPostprocessing = 0;
		};
/* End PBXResourcesBuildPhase section */

/* Begin PBXSourcesBuildPhase section */
		821578E82343D4D5002ECECE /* Sources */ = {
			isa = PBXSourcesBuildPhase;
			buildActionMask = 2147483647;
			files = (
				821578F42343D4D5002ECECE /* ViewController.swift in Sources */,
				821578F02343D4D5002ECECE /* AppDelegate.swift in Sources */,
				821578F22343D4D5002ECECE /* SceneDelegate.swift in Sources */,
			);
			runOnlyForDeploymentPostprocessing = 0;
		};
/* End PBXSourcesBuildPhase section */

/* Begin PBXVariantGroup section */
		821578F52343D4D5002ECECE /* Main.storyboard */ = {
			isa = PBXVariantGroup;
			children = (
				821578F62343D4D5002ECECE /* Base */,
			);
			name = Main.storyboard;
			sourceTree = "<group>";
		};
		821578FA2343D4E0002ECECE /* LaunchScreen.storyboard */ = {
			isa = PBXVariantGroup;
			children = (
				821578FB2343D4E0002ECECE /* Base */,
			);
			name = LaunchScreen.storyboard;
			sourceTree = "<group>";
		};
/* End PBXVariantGroup section */

/* Begin XCBuildConfiguration section */
		821578FE2343D4E0002ECECE /* Debug */ = {
			isa = XCBuildConfiguration;
			buildSettings = {
				ALWAYS_SEARCH_USER_PATHS = NO;
				CLANG_ANALYZER_NONNULL = YES;
				CLANG_ANALYZER_NUMBER_OBJECT_CONVERSION = YES_AGGRESSIVE;
				CLANG_CXX_LANGUAGE_STANDARD = "gnu++14";
				CLANG_CXX_LIBRARY = "libc++";
				CLANG_ENABLE_MODULES = YES;
				CLANG_ENABLE_OBJC_ARC = YES;
				CLANG_ENABLE_OBJC_WEAK = YES;
				CLANG_WARN_BLOCK_CAPTURE_AUTORELEASING = YES;
				CLANG_WARN_BOOL_CONVERSION = YES;
				CLANG_WARN_COMMA = YES;
				CLANG_WARN_CONSTANT_CONVERSION = YES;
				CLANG_WARN_DEPRECATED_OBJC_IMPLEMENTATIONS = YES;
				CLANG_WARN_DIRECT_OBJC_ISA_USAGE = YES_ERROR;
				CLANG_WARN_DOCUMENTATION_COMMENTS = YES;
				CLANG_WARN_EMPTY_BODY = YES;
				CLANG_WARN_ENUM_CONVERSION = YES;
				CLANG_WARN_INFINITE_RECURSION = YES;
				CLANG_WARN_INT_CONVERSION = YES;
				CLANG_WARN_NON_LITERAL_NULL_CONVERSION = YES;
				CLANG_WARN_OBJC_IMPLICIT_RETAIN_SELF = YES;
				CLANG_WARN_OBJC_LITERAL_CONVERSION = YES;
				CLANG_WARN_OBJC_ROOT_CLASS = YES_ERROR;
				CLANG_WARN_RANGE_LOOP_ANALYSIS = YES;
				CLANG_WARN_STRICT_PROTOTYPES = YES;
				CLANG_WARN_SUSPICIOUS_MOVE = YES;
				CLANG_WARN_UNGUARDED_AVAILABILITY = YES_AGGRESSIVE;
				CLANG_WARN_UNREACHABLE_CODE = YES;
				CLANG_WARN__DUPLICATE_METHOD_MATCH = YES;
				COPY_PHASE_STRIP = NO;
				DEBUG_INFORMATION_FORMAT = dwarf;
				ENABLE_STRICT_OBJC_MSGSEND = YES;
				ENABLE_TESTABILITY = YES;
				GCC_C_LANGUAGE_STANDARD = gnu11;
				GCC_DYNAMIC_NO_PIC = NO;
				GCC_NO_COMMON_BLOCKS = YES;
				GCC_OPTIMIZATION_LEVEL = 0;
				GCC_PREPROCESSOR_DEFINITIONS = (
					"DEBUG=1",
					"$(inherited)",
				);
				GCC_WARN_64_TO_32_BIT_CONVERSION = YES;
				GCC_WARN_ABOUT_RETURN_TYPE = YES_ERROR;
				GCC_WARN_UNDECLARED_SELECTOR = YES;
				GCC_WARN_UNINITIALIZED_AUTOS = YES_AGGRESSIVE;
				GCC_WARN_UNUSED_FUNCTION = YES;
				GCC_WARN_UNUSED_VARIABLE = YES;
				IPHONEOS_DEPLOYMENT_TARGET = 13.0;
				MTL_ENABLE_DEBUG_INFO = INCLUDE_SOURCE;
				MTL_FAST_MATH = YES;
				ONLY_ACTIVE_ARCH = YES;
				SDKROOT = iphoneos;
				SWIFT_ACTIVE_COMPILATION_CONDITIONS = DEBUG;
				SWIFT_OPTIMIZATION_LEVEL = "-Onone";
			};
			name = Debug;
		};
		821578FF2343D4E0002ECECE /* Release */ = {
			isa = XCBuildConfiguration;
			buildSettings = {
				ALWAYS_SEARCH_USER_PATHS = NO;
				CLANG_ANALYZER_NONNULL = YES;
				CLANG_ANALYZER_NUMBER_OBJECT_CONVERSION = YES_AGGRESSIVE;
				CLANG_CXX_LANGUAGE_STANDARD = "gnu++14";
				CLANG_CXX_LIBRARY = "libc++";
				CLANG_ENABLE_MODULES = YES;
				CLANG_ENABLE_OBJC_ARC = YES;
				CLANG_ENABLE_OBJC_WEAK = YES;
				CLANG_WARN_BLOCK_CAPTURE_AUTORELEASING = YES;
				CLANG_WARN_BOOL_CONVERSION = YES;
				CLANG_WARN_COMMA = YES;
				CLANG_WARN_CONSTANT_CONVERSION = YES;
				CLANG_WARN_DEPRECATED_OBJC_IMPLEMENTATIONS = YES;
				CLANG_WARN_DIRECT_OBJC_ISA_USAGE = YES_ERROR;
				CLANG_WARN_DOCUMENTATION_COMMENTS = YES;
				CLANG_WARN_EMPTY_BODY = YES;
				CLANG_WARN_ENUM_CONVERSION = YES;
				CLANG_WARN_INFINITE_RECURSION = YES;
				CLANG_WARN_INT_CONVERSION = YES;
				CLANG_WARN_NON_LITERAL_NULL_CONVERSION = YES;
				CLANG_WARN_OBJC_IMPLICIT_RETAIN_SELF = YES;
				CLANG_WARN_OBJC_LITERAL_CONVERSION = YES;
				CLANG_WARN_OBJC_ROOT_CLASS = YES_ERROR;
				CLANG_WARN_RANGE_LOOP_ANALYSIS = YES;
				CLANG_WARN_STRICT_PROTOTYPES = YES;
				CLANG_WARN_SUSPICIOUS_MOVE = YES;
				CLANG_WARN_UNGUARDED_AVAILABILITY = YES_AGGRESSIVE;
				CLANG_WARN_UNREACHABLE_CODE = YES;
				CLANG_WARN__DUPLICATE_METHOD_MATCH = YES;
				COPY_PHASE_STRIP = NO;
				DEBUG_INFORMATION_FORMAT = "dwarf-with-dsym";
				ENABLE_NS_ASSERTIONS = NO;
				ENABLE_STRICT_OBJC_MSGSEND = YES;
				GCC_C_LANGUAGE_STANDARD = gnu11;
				GCC_NO_COMMON_BLOCKS = YES;
				GCC_WARN_64_TO_32_BIT_CONVERSION = YES;
				GCC_WARN_ABOUT_RETURN_TYPE = YES_ERROR;
				GCC_WARN_UNDECLARED_SELECTOR = YES;
				GCC_WARN_UNINITIALIZED_AUTOS = YES_AGGRESSIVE;
				GCC_WARN_UNUSED_FUNCTION = YES;
				GCC_WARN_UNUSED_VARIABLE = YES;
				IPHONEOS_DEPLOYMENT_TARGET = 13.0;
				MTL_ENABLE_DEBUG_INFO = NO;
				MTL_FAST_MATH = YES;
				SDKROOT = iphoneos;
				SWIFT_COMPILATION_MODE = wholemodule;
				SWIFT_OPTIMIZATION_LEVEL = "-O";
				VALIDATE_PRODUCT = YES;
			};
			name = Release;
		};
		821579012343D4E0002ECECE /* Debug */ = {
			isa = XCBuildConfiguration;
			buildSettings = {
				ASSETCATALOG_COMPILER_APPICON_NAME = AppIcon;
				CODE_SIGN_STYLE = Automatic;
				DEVELOPMENT_TEAM = 3CW5M334BA;
				INFOPLIST_FILE = project8/Info.plist;
				LD_RUNPATH_SEARCH_PATHS = (
					"$(inherited)",
					"@executable_path/Frameworks",
				);
				PRODUCT_BUNDLE_IDENTIFIER = com.Sc0tt.project8;
				PRODUCT_NAME = "$(TARGET_NAME)";
				SWIFT_VERSION = 5.0;
				TARGETED_DEVICE_FAMILY = 2;
			};
			name = Debug;
		};
		821579022343D4E0002ECECE /* Release */ = {
			isa = XCBuildConfiguration;
			buildSettings = {
				ASSETCATALOG_COMPILER_APPICON_NAME = AppIcon;
				CODE_SIGN_STYLE = Automatic;
				DEVELOPMENT_TEAM = 3CW5M334BA;
				INFOPLIST_FILE = project8/Info.plist;
				LD_RUNPATH_SEARCH_PATHS = (
					"$(inherited)",
					"@executable_path/Frameworks",
				);
				PRODUCT_BUNDLE_IDENTIFIER = com.Sc0tt.project8;
				PRODUCT_NAME = "$(TARGET_NAME)";
				SWIFT_VERSION = 5.0;
				TARGETED_DEVICE_FAMILY = 2;
			};
			name = Release;
		};
/* End XCBuildConfiguration section */

/* Begin XCConfigurationList section */
		821578E72343D4D5002ECECE /* Build configuration list for PBXProject "project8" */ = {
			isa = XCConfigurationList;
			buildConfigurations = (
				821578FE2343D4E0002ECECE /* Debug */,
				821578FF2343D4E0002ECECE /* Release */,
			);
			defaultConfigurationIsVisible = 0;
			defaultConfigurationName = Release;
		};
		821579002343D4E0002ECECE /* Build configuration list for PBXNativeTarget "project8" */ = {
			isa = XCConfigurationList;
			buildConfigurations = (
				821579012343D4E0002ECECE /* Debug */,
				821579022343D4E0002ECECE /* Release */,
			);
			defaultConfigurationIsVisible = 0;
			defaultConfigurationName = Release;
		};
/* End XCConfigurationList section */
	};
	rootObject = 821578E42343D4D5002ECECE /* Project object */;
}
